<?xml version="1.0" encoding="utf-8"?>
<Project ToolsVersion="4.0" xmlns="http://schemas.microsoft.com/developer/msbuild/2003">
  <ItemGroup>
    <Filter Include="Source Files">
      <UniqueIdentifier>{4FC737F1-C7A5-4376-A066-2A32D752A2FF}</UniqueIdentifier>
      <Extensions>cpp;c;cc;cxx;c++;cppm;ixx;def;odl;idl;hpj;bat;asm;asmx</Extensions>
    </Filter>
    <Filter Include="Header Files">
      <UniqueIdentifier>{93995380-89BD-4b04-88EB-625FBE52EBFB}</UniqueIdentifier>
      <Extensions>h;hh;hpp;hxx;h++;hm;inl;inc;ipp;xsd</Extensions>
    </Filter>
    <Filter Include="Resource Files">
      <UniqueIdentifier>{67DA6AB6-F800-4c08-8B7A-83BB121AAD01}</UniqueIdentifier>
      <Extensions>rc;ico;cur;bmp;dlg;rc2;rct;bin;rgs;gif;jpg;jpeg;jpe;resx;tiff;tif;png;wav;mfcribbon-ms</Extensions>
    </Filter>
  </ItemGroup>
  <ItemGroup>
    <ClInclude Include="src\animation_frame.h">
      <Filter>Header Files</Filter>
    </ClInclude>
    <ClInclude Include="src\block_char.h">
      <Filter>Header Files</Filter>
    </ClInclude>
    <ClInclude Include="src\buffer.h">
      <Filter>Header Files</Filter>
    </ClInclude>
    <ClInclude Include="src\bullet.h">
      <Filter>Header Files</Filter>
    </ClInclude>
    <ClInclude Include="src\cc.h">
      <Filter>Header Files</Filter>
    </ClInclude>
    <ClInclude Include="src\color.h">
      <Filter>Header Files</Filter>
    </ClInclude>
    <ClInclude Include="src\config.h">
      <Filter>Header Files</Filter>
    </ClInclude>
    <ClInclude Include="src\cooldown.h">
      <Filter>Header Files</Filter>
    </ClInclude>
    <ClInclude Include="src\entt_helper.h">
      <Filter>Header Files</Filter>
    </ClInclude>
    <ClInclude Include="src\entt_types.h">
      <Filter>Header Files</Filter>
    </ClInclude>
    <ClInclude Include="src\fps_counter.h">
      <Filter>Header Files</Filter>
    </ClInclude>
    <ClInclude Include="src\game.h">
      <Filter>Header Files</Filter>
    </ClInclude>
    <ClInclude Include="src\gameplay.h">
      <Filter>Header Files</Filter>
    </ClInclude>
    <ClInclude Include="src\helpers.h">
      <Filter>Header Files</Filter>
    </ClInclude>
    <ClInclude Include="src\image.h">
      <Filter>Header Files</Filter>
    </ClInclude>
    <ClInclude Include="src\lane_position.h">
      <Filter>Header Files</Filter>
    </ClInclude>
    <ClInclude Include="src\mountain_range.h">
      <Filter>Header Files</Filter>
    </ClInclude>
    <ClInclude Include="src\painter.h">
      <Filter>Header Files</Filter>
    </ClInclude>
    <ClInclude Include="src\player.h">
      <Filter>Header Files</Filter>
    </ClInclude>
    <ClInclude Include="src\rng.h">
      <Filter>Header Files</Filter>
    </ClInclude>
    <ClInclude Include="src\screen_size.h">
      <Filter>Header Files</Filter>
    </ClInclude>
    <ClInclude Include="src\screencoord.h">
      <Filter>Header Files</Filter>
    </ClInclude>
    <ClInclude Include="src\strategy.h">
      <Filter>Header Files</Filter>
    </ClInclude>
    <ClInclude Include="src\streak_preventer.h">
      <Filter>Header Files</Filter>
    </ClInclude>
    <ClInclude Include="src\tools_math.h">
      <Filter>Header Files</Filter>
    </ClInclude>
    <ClInclude Include="src\trail.h">
      <Filter>Header Files</Filter>
    </ClInclude>
    <ClInclude Include="src\tweening.h">
      <Filter>Header Files</Filter>
    </ClInclude>
    <ClInclude Include="src\ufo.h">
      <Filter>Header Files</Filter>
    </ClInclude>
    <ClInclude Include="src\win_api_helper.h">
      <Filter>Header Files</Filter>
    </ClInclude>
  </ItemGroup>
  <ItemGroup>
    <ClCompile Include="src\bullet.cpp">
      <Filter>Source Files</Filter>
    </ClCompile>
    <ClCompile Include="src\cc.cpp">
      <Filter>Source Files</Filter>
    </ClCompile>
    <ClCompile Include="src\color.cpp">
      <Filter>Source Files</Filter>
    </ClCompile>
    <ClCompile Include="src\config.cpp">
      <Filter>Source Files</Filter>
    </ClCompile>
    <ClCompile Include="src\cooldown.cpp">
      <Filter>Source Files</Filter>
    </ClCompile>
    <ClCompile Include="src\fps_counter.cpp">
      <Filter>Source Files</Filter>
    </ClCompile>
    <ClCompile Include="src\game.cpp">
      <Filter>Source Files</Filter>
    </ClCompile>
    <ClCompile Include="src\gameplay.cpp">
      <Filter>Source Files</Filter>
    </ClCompile>
    <ClCompile Include="src\helpers.cpp">
      <Filter>Source Files</Filter>
    </ClCompile>
    <ClCompile Include="src\image.cpp">
      <Filter>Source Files</Filter>
    </ClCompile>
    <ClCompile Include="src\lane_position.cpp">
      <Filter>Source Files</Filter>
    </ClCompile>
    <ClCompile Include="src\mountain_range.cpp">
      <Filter>Source Files</Filter>
    </ClCompile>
    <ClCompile Include="src\painter.cpp">
      <Filter>Source Files</Filter>
    </ClCompile>
    <ClCompile Include="src\player.cpp">
      <Filter>Source Files</Filter>
    </ClCompile>
    <ClCompile Include="src\rng.cpp">
      <Filter>Source Files</Filter>
    </ClCompile>
    <ClCompile Include="src\terminal_moo.cpp">
      <Filter>Source Files</Filter>
    </ClCompile>
    <ClCompile Include="src\trail.cpp">
      <Filter>Source Files</Filter>
    </ClCompile>
    <ClCompile Include="src\ufo.cpp">
      <Filter>Source Files</Filter>
    </ClCompile>
    <ClCompile Include="src\win_api_helper.cpp">
      <Filter>Source Files</Filter>
    </ClCompile>
  </ItemGroup>
</Project>